
Microsoft Visual Studio Solution File, Format Version 12.00
# Visual Studio 15
VisualStudioVersion = 15.0.27703.2000
MinimumVisualStudioVersion = 10.0.40219.1
Project("{FAE04EC0-301F-11D3-BF4B-00C04F79EFBC}") = "ChildContainerControlDesignerSample", "ChildContainerControlDesignerSample\ChildContainerControlDesignerSample.csproj", "{EEDB51D2-4F38-49B6-98E0-1FD7A1C76869}"
EndProject
Project("{2150E333-8FDC-42A3-9474-1A3956D46DE8}") = "SolutionItems", "SolutionItems", "{F6ED6A34-8818-4A26-8AE9-DB6595DD953B}"
	ProjectSection(SolutionItems) = preProject
		..\1.gif = ..\1.gif
		..\2.gif = ..\2.gif
		..\README.md = ..\README.md
	EndProjectSection
EndProject
Global
	GlobalSection(SolutionConfigurationPlatforms) = preSolution
		Debug|Any CPU = Debug|Any CPU
		Release|Any CPU = Release|Any CPU
	EndGlobalSection
	GlobalSection(ProjectConfigurationPlatforms) = postSolution
		{EEDB51D2-4F38-49B6-98E0-1FD7A1C76869}.Debug|Any CPU.ActiveCfg = Debug|Any CPU
		{EEDB51D2-4F38-49B6-98E0-1FD7A1C76869}.Debug|Any CPU.Build.0 = Debug|Any CPU
		{EEDB51D2-4F38-49B6-98E0-1FD7A1C76869}.Release|Any CPU.ActiveCfg = Release|Any CPU
		{EEDB51D2-4F38-49B6-98E0-1FD7A1C76869}.Release|Any CPU.Build.0 = Release|Any CPU
	EndGlobalSection
	GlobalSection(SolutionProperties) = preSolution
		HideSolutionNode = FALSE
	EndGlobalSection
	GlobalSection(ExtensibilityGlobals) = postSolution
		SolutionGuid = {BDC520B9-97D4-4DFC-9DD8-DA1951AA1AD8}
	EndGlobalSection
EndGlobal
